
Microsoft Visual Studio Solution File, Format Version 12.00
# Visual Studio Version 17
VisualStudioVersion = 17.4.33213.308
MinimumVisualStudioVersion = 10.0.40219.1
Project("{FAE04EC0-301F-11D3-BF4B-00C04F79EFBC}") = "Ej20Pedidos", "Ej20Pedidos\Ej20Pedidos.csproj", "{8BCF678F-FDF4-43F7-9E49-912EBCF134F9}"
EndProject
Global
	GlobalSection(SolutionConfigurationPlatforms) = preSolution
		Debug|Any CPU = Debug|Any CPU
		Release|Any CPU = Release|Any CPU
	EndGlobalSection
	GlobalSection(ProjectConfigurationPlatforms) = postSolution
		{8BCF678F-FDF4-43F7-9E49-912EBCF134F9}.Debug|Any CPU.ActiveCfg = Debug|Any CPU
		{8BCF678F-FDF4-43F7-9E49-912EBCF134F9}.Debug|Any CPU.Build.0 = Debug|Any CPU
		{8BCF678F-FDF4-43F7-9E49-912EBCF134F9}.Release|Any CPU.ActiveCfg = Release|Any CPU
		{8BCF678F-FDF4-43F7-9E49-912EBCF134F9}.Release|Any CPU.Build.0 = Release|Any CPU
	EndGlobalSection
	GlobalSection(SolutionProperties) = preSolution
		HideSolutionNode = FALSE
	EndGlobalSection
	GlobalSection(ExtensibilityGlobals) = postSolution
		SolutionGuid = {BB7C891A-92EF-4416-96BB-392FEB176E49}
	EndGlobalSection
EndGlobal
